# Generated by buf. DO NOT EDIT.
version: v1
deps:
  - remote: buf.build
    owner: bufbuild
    repository: protovalidate
    commit: 46a4cf4ba1094a34bcd89a6c67163b4b
    digest: shake256:436ce453801917c11bc7b21d66bcfae87da2aceb804a041487be1e51dc9fbc219e61ea6a552db7a7aa6d63bb5efd0f3ed5fe3d4c42d4f750d0eb35f14144e3b6
  - remote: buf.build
    owner: googleapis
    repository: googleapis
    commit: f0e53af8f2fc4556b94f482688b57223
    digest: shake256:de26a277fc28b8b411ecf58729d78d32fcf15090ffd998a4469225b17889bfb51442eaab04bb7a8d88d203ecdf0a9febd4ffd52c18ed1c2229160c7bd353ca95
  - remote: buf.build
    owner: pentops
    repository: j5
    commit: 8e5d046024af4b44983c49c3e7b5d7ef
    digest: shake256:80f7c2df04eca9a2439694bed66d9791a8f7b3aedcba70976591735c746813158ee9753ba7c060dcca2006ea81cae0616f2d919184b63bf19472973b6c87522d
  - remote: buf.build
    owner: pentops
    repository: listify
    commit: 88fbd382a3e34ecfb80f8e35c19126c3
    digest: shake256:832cd76e75747f5a073a97d50f6562fe2fd7e96f5fbd4950b5291d623da486409aabf2a09e06c1d26df1692f0301b40b880cbf800dd7ba7f794c764bd53aa15d
  - remote: buf.build
    owner: pentops
    repository: o5
    commit: 47bad4837d6d4a4a894ba92b4f5b9fbe
    digest: shake256:a1f81bfebfacbef7e297a4fb6363e6afadc673d8d0bab84f323cf94a88213656c14e3b643f264060e17a4d696bbc81699e818d245f4c66b34d4f8b74d9a3ba29
  - remote: buf.build
    owner: pentops
    repository: protostate
    commit: 39c4be3b54e241e19c56d63e51d98881
    digest: shake256:4c07d77a22d09cff1fc094170d7fc5934c6792e48a2b72f17cff3ff1d95b27dbc1ce82d001cc2664e234b20fb54926e0a472af4fc9d245308754a551b5309d3d
